// !$*UTF8*$!
{
	archiveVersion = 1;
	classes = {
	};
	objectVersion = 46;
	objects = {

/* Begin PBXBuildFile section */
		0193488DCD1434C635672DE7 /* Pods_tCrunchUITests.framework in Frameworks */ = {isa = PBXBuildFile; fileRef = C7A282885CD48FCCC483A6ED /* Pods_tCrunchUITests.framework */; };
		BD06A1BF1EDB1D1B006B04C0 /* TTicket.swift in Sources */ = {isa = PBXBuildFile; fileRef = BD06A1BE1EDB1D1B006B04C0 /* TTicket.swift */; };
		BD06A1C11EDB27BF006B04C0 /* TicketCell.xib in Resources */ = {isa = PBXBuildFile; fileRef = BD06A1C01EDB27BF006B04C0 /* TicketCell.xib */; };
		BD320EFC1ED7E332008FCA0B /* Main.storyboard in Resources */ = {isa = PBXBuildFile; fileRef = BD320EFA1ED7E332008FCA0B /* Main.storyboard */; };
		BD320F0F1ED7E332008FCA0B /* tCrunchTests.swift in Sources */ = {isa = PBXBuildFile; fileRef = BD320F0E1ED7E332008FCA0B /* tCrunchTests.swift */; };
		BD320F1A1ED7E332008FCA0B /* tCrunchUITests.swift in Sources */ = {isa = PBXBuildFile; fileRef = BD320F191ED7E332008FCA0B /* tCrunchUITests.swift */; };
		BD320F3F1ED7E3FC008FCA0B /* Assets.xcassets in Resources */ = {isa = PBXBuildFile; fileRef = BD320F2A1ED7E3FC008FCA0B /* Assets.xcassets */; };
		BD320F401ED7E3FC008FCA0B /* Base.lproj in Resources */ = {isa = PBXBuildFile; fileRef = BD320F2B1ED7E3FC008FCA0B /* Base.lproj */; };
		BD320F411ED7E3FC008FCA0B /* GoogleService-Info.plist in Resources */ = {isa = PBXBuildFile; fileRef = BD320F2C1ED7E3FC008FCA0B /* GoogleService-Info.plist */; };
		BD320F421ED7E3FC008FCA0B /* Info.plist in Resources */ = {isa = PBXBuildFile; fileRef = BD320F2D1ED7E3FC008FCA0B /* Info.plist */; };
		BD320F431ED7E3FC008FCA0B /* AllclassesViewController.swift in Sources */ = {isa = PBXBuildFile; fileRef = BD320F2E1ED7E3FC008FCA0B /* AllclassesViewController.swift */; };
		BD320F441ED7E3FC008FCA0B /* AppDelegate.swift in Sources */ = {isa = PBXBuildFile; fileRef = BD320F2F1ED7E3FC008FCA0B /* AppDelegate.swift */; };
		BD320F451ED7E3FC008FCA0B /* ButtonShadow.swift in Sources */ = {isa = PBXBuildFile; fileRef = BD320F301ED7E3FC008FCA0B /* ButtonShadow.swift */; };
		BD320F461ED7E3FC008FCA0B /* ContainerViewController.swift in Sources */ = {isa = PBXBuildFile; fileRef = BD320F311ED7E3FC008FCA0B /* ContainerViewController.swift */; };
		BD320F471ED7E3FC008FCA0B /* CourseCodeViewController.swift in Sources */ = {isa = PBXBuildFile; fileRef = BD320F321ED7E3FC008FCA0B /* CourseCodeViewController.swift */; };
		BD320F481ED7E3FC008FCA0B /* LoginViewController.swift in Sources */ = {isa = PBXBuildFile; fileRef = BD320F331ED7E3FC008FCA0B /* LoginViewController.swift */; };
		BD320F491ED7E3FC008FCA0B /* NameViewController.swift in Sources */ = {isa = PBXBuildFile; fileRef = BD320F341ED7E3FC008FCA0B /* NameViewController.swift */; };
		BD320F4A1ED7E3FC008FCA0B /* SegmentedViewController.swift in Sources */ = {isa = PBXBuildFile; fileRef = BD320F351ED7E3FC008FCA0B /* SegmentedViewController.swift */; };
		BD320F4B1ED7E3FC008FCA0B /* SkyFloatingLabelTextField.swift in Sources */ = {isa = PBXBuildFile; fileRef = BD320F361ED7E3FC008FCA0B /* SkyFloatingLabelTextField.swift */; };
		BD320F4C1ED7E3FC008FCA0B /* SlideMenuViewController.swift in Sources */ = {isa = PBXBuildFile; fileRef = BD320F371ED7E3FC008FCA0B /* SlideMenuViewController.swift */; };
		BD320F4D1ED7E3FC008FCA0B /* TcrunchHelper.swift in Sources */ = {isa = PBXBuildFile; fileRef = BD320F381ED7E3FC008FCA0B /* TcrunchHelper.swift */; };
		BD320F4E1ED7E3FC008FCA0B /* TeacherSigninViewController.swift in Sources */ = {isa = PBXBuildFile; fileRef = BD320F391ED7E3FC008FCA0B /* TeacherSigninViewController.swift */; };
		BD320F4F1ED7E3FC008FCA0B /* TitleMoveField.swift in Sources */ = {isa = PBXBuildFile; fileRef = BD320F3A1ED7E3FC008FCA0B /* TitleMoveField.swift */; };
		BD320F511ED7E3FC008FCA0B /* ViewController.swift in Sources */ = {isa = PBXBuildFile; fileRef = BD320F3C1ED7E3FC008FCA0B /* ViewController.swift */; };
		BD320F521ED7E3FC008FCA0B /* Tcrunch.xcdatamodeld in Sources */ = {isa = PBXBuildFile; fileRef = BD320F3D1ED7E3FC008FCA0B /* Tcrunch.xcdatamodeld */; };
		BD320F541ED8B952008FCA0B /* StudentTicketDetailViewController.swift in Sources */ = {isa = PBXBuildFile; fileRef = BD320F531ED8B952008FCA0B /* StudentTicketDetailViewController.swift */; };
		BD34D8541EDB5381002B57BB /* StudentTicketUnrespondedDetailViewController.swift in Sources */ = {isa = PBXBuildFile; fileRef = BD34D8531EDB5381002B57BB /* StudentTicketUnrespondedDetailViewController.swift */; };
		BD8DB5FC1EEDBF56008B33DC /* OptionViewController.swift in Sources */ = {isa = PBXBuildFile; fileRef = BD8DB5FB1EEDBF56008B33DC /* OptionViewController.swift */; };
		BDDDD78A1EDB29FF00CE3D08 /* TicketCell.swift in Sources */ = {isa = PBXBuildFile; fileRef = BDDDD7891EDB29FF00CE3D08 /* TicketCell.swift */; };
		D37CFB1B1400CF538215EF92 /* Pods_tCrunch.framework in Frameworks */ = {isa = PBXBuildFile; fileRef = 6C02E50004F4AAC2AA960DAC /* Pods_tCrunch.framework */; };
		F8366A15AD2A6FEEDEF125E5 /* Pods_tCrunchTests.framework in Frameworks */ = {isa = PBXBuildFile; fileRef = 1C253DAEE9EA150918484C65 /* Pods_tCrunchTests.framework */; };
/* End PBXBuildFile section */

/* Begin PBXContainerItemProxy section */
		BD320F0B1ED7E332008FCA0B /* PBXContainerItemProxy */ = {
			isa = PBXContainerItemProxy;
			containerPortal = BD320EEB1ED7E331008FCA0B /* Project object */;
			proxyType = 1;
			remoteGlobalIDString = BD320EF21ED7E331008FCA0B;
			remoteInfo = tCrunch;
		};
		BD320F161ED7E332008FCA0B /* PBXContainerItemProxy */ = {
			isa = PBXContainerItemProxy;
			containerPortal = BD320EEB1ED7E331008FCA0B /* Project object */;
			proxyType = 1;
			remoteGlobalIDString = BD320EF21ED7E331008FCA0B;
			remoteInfo = tCrunch;
		};
/* End PBXContainerItemProxy section */

/* Begin PBXFileReference section */
		002ABE6D1211303FD7FDAB3B /* Pods-tCrunch.release.xcconfig */ = {isa = PBXFileReference; includeInIndex = 1; lastKnownFileType = text.xcconfig; name = "Pods-tCrunch.release.xcconfig"; path = "Pods/Target Support Files/Pods-tCrunch/Pods-tCrunch.release.xcconfig"; sourceTree = "<group>"; };
		1C253DAEE9EA150918484C65 /* Pods_tCrunchTests.framework */ = {isa = PBXFileReference; explicitFileType = wrapper.framework; includeInIndex = 0; path = Pods_tCrunchTests.framework; sourceTree = BUILT_PRODUCTS_DIR; };
		5DAF0D7D0C9F53414BD60C75 /* Pods-tCrunchTests.debug.xcconfig */ = {isa = PBXFileReference; includeInIndex = 1; lastKnownFileType = text.xcconfig; name = "Pods-tCrunchTests.debug.xcconfig"; path = "Pods/Target Support Files/Pods-tCrunchTests/Pods-tCrunchTests.debug.xcconfig"; sourceTree = "<group>"; };
		5EDAEF9AC9128EE05A10BBC6 /* Pods-tCrunchTests.release.xcconfig */ = {isa = PBXFileReference; includeInIndex = 1; lastKnownFileType = text.xcconfig; name = "Pods-tCrunchTests.release.xcconfig"; path = "Pods/Target Support Files/Pods-tCrunchTests/Pods-tCrunchTests.release.xcconfig"; sourceTree = "<group>"; };
		6C02E50004F4AAC2AA960DAC /* Pods_tCrunch.framework */ = {isa = PBXFileReference; explicitFileType = wrapper.framework; includeInIndex = 0; path = Pods_tCrunch.framework; sourceTree = BUILT_PRODUCTS_DIR; };
		7222D06D831DD8C84506F5B2 /* Pods-tCrunch.debug.xcconfig */ = {isa = PBXFileReference; includeInIndex = 1; lastKnownFileType = text.xcconfig; name = "Pods-tCrunch.debug.xcconfig"; path = "Pods/Target Support Files/Pods-tCrunch/Pods-tCrunch.debug.xcconfig"; sourceTree = "<group>"; };
		929496C50E12BBF4053CE576 /* Pods-tCrunchUITests.release.xcconfig */ = {isa = PBXFileReference; includeInIndex = 1; lastKnownFileType = text.xcconfig; name = "Pods-tCrunchUITests.release.xcconfig"; path = "Pods/Target Support Files/Pods-tCrunchUITests/Pods-tCrunchUITests.release.xcconfig"; sourceTree = "<group>"; };
		BD06A1BE1EDB1D1B006B04C0 /* TTicket.swift */ = {isa = PBXFileReference; fileEncoding = 4; lastKnownFileType = sourcecode.swift; path = TTicket.swift; sourceTree = "<group>"; };
		BD06A1C01EDB27BF006B04C0 /* TicketCell.xib */ = {isa = PBXFileReference; fileEncoding = 4; lastKnownFileType = file.xib; path = TicketCell.xib; sourceTree = "<group>"; };
		BD320EF31ED7E332008FCA0B /* tCrunch.app */ = {isa = PBXFileReference; explicitFileType = wrapper.application; includeInIndex = 0; path = tCrunch.app; sourceTree = BUILT_PRODUCTS_DIR; };
		BD320EFB1ED7E332008FCA0B /* Base */ = {isa = PBXFileReference; lastKnownFileType = file.storyboard; name = Base; path = Base.lproj/Main.storyboard; sourceTree = "<group>"; };
		BD320F0A1ED7E332008FCA0B /* tCrunchTests.xctest */ = {isa = PBXFileReference; explicitFileType = wrapper.cfbundle; includeInIndex = 0; path = tCrunchTests.xctest; sourceTree = BUILT_PRODUCTS_DIR; };
		BD320F0E1ED7E332008FCA0B /* tCrunchTests.swift */ = {isa = PBXFileReference; lastKnownFileType = sourcecode.swift; path = tCrunchTests.swift; sourceTree = "<group>"; };
		BD320F101ED7E332008FCA0B /* Info.plist */ = {isa = PBXFileReference; lastKnownFileType = text.plist.xml; path = Info.plist; sourceTree = "<group>"; };
		BD320F151ED7E332008FCA0B /* tCrunchUITests.xctest */ = {isa = PBXFileReference; explicitFileType = wrapper.cfbundle; includeInIndex = 0; path = tCrunchUITests.xctest; sourceTree = BUILT_PRODUCTS_DIR; };
		BD320F191ED7E332008FCA0B /* tCrunchUITests.swift */ = {isa = PBXFileReference; lastKnownFileType = sourcecode.swift; path = tCrunchUITests.swift; sourceTree = "<group>"; };
		BD320F1B1ED7E332008FCA0B /* Info.plist */ = {isa = PBXFileReference; lastKnownFileType = text.plist.xml; path = Info.plist; sourceTree = "<group>"; };
		BD320F291ED7E3FB008FCA0B /* tCrunch-Bridging-Header.h */ = {isa = PBXFileReference; lastKnownFileType = sourcecode.c.h; path = "tCrunch-Bridging-Header.h"; sourceTree = "<group>"; };
		BD320F2A1ED7E3FC008FCA0B /* Assets.xcassets */ = {isa = PBXFileReference; lastKnownFileType = folder.assetcatalog; path = Assets.xcassets; sourceTree = "<group>"; };
		BD320F2B1ED7E3FC008FCA0B /* Base.lproj */ = {isa = PBXFileReference; lastKnownFileType = folder; path = Base.lproj; sourceTree = "<group>"; };
		BD320F2C1ED7E3FC008FCA0B /* GoogleService-Info.plist */ = {isa = PBXFileReference; fileEncoding = 4; lastKnownFileType = text.plist.xml; path = "GoogleService-Info.plist"; sourceTree = "<group>"; };
		BD320F2D1ED7E3FC008FCA0B /* Info.plist */ = {isa = PBXFileReference; fileEncoding = 4; lastKnownFileType = text.plist.xml; path = Info.plist; sourceTree = "<group>"; };
		BD320F2E1ED7E3FC008FCA0B /* AllclassesViewController.swift */ = {isa = PBXFileReference; fileEncoding = 4; lastKnownFileType = sourcecode.swift; path = AllclassesViewController.swift; sourceTree = "<group>"; };
		BD320F2F1ED7E3FC008FCA0B /* AppDelegate.swift */ = {isa = PBXFileReference; fileEncoding = 4; lastKnownFileType = sourcecode.swift; path = AppDelegate.swift; sourceTree = "<group>"; };
		BD320F301ED7E3FC008FCA0B /* ButtonShadow.swift */ = {isa = PBXFileReference; fileEncoding = 4; lastKnownFileType = sourcecode.swift; path = ButtonShadow.swift; sourceTree = "<group>"; };
		BD320F311ED7E3FC008FCA0B /* ContainerViewController.swift */ = {isa = PBXFileReference; fileEncoding = 4; lastKnownFileType = sourcecode.swift; path = ContainerViewController.swift; sourceTree = "<group>"; };
		BD320F321ED7E3FC008FCA0B /* CourseCodeViewController.swift */ = {isa = PBXFileReference; fileEncoding = 4; lastKnownFileType = sourcecode.swift; path = CourseCodeViewController.swift; sourceTree = "<group>"; };
		BD320F331ED7E3FC008FCA0B /* LoginViewController.swift */ = {isa = PBXFileReference; fileEncoding = 4; lastKnownFileType = sourcecode.swift; path = LoginViewController.swift; sourceTree = "<group>"; };
		BD320F341ED7E3FC008FCA0B /* NameViewController.swift */ = {isa = PBXFileReference; fileEncoding = 4; lastKnownFileType = sourcecode.swift; path = NameViewController.swift; sourceTree = "<group>"; };
		BD320F351ED7E3FC008FCA0B /* SegmentedViewController.swift */ = {isa = PBXFileReference; fileEncoding = 4; lastKnownFileType = sourcecode.swift; path = SegmentedViewController.swift; sourceTree = "<group>"; };
		BD320F361ED7E3FC008FCA0B /* SkyFloatingLabelTextField.swift */ = {isa = PBXFileReference; fileEncoding = 4; lastKnownFileType = sourcecode.swift; path = SkyFloatingLabelTextField.swift; sourceTree = "<group>"; };
		BD320F371ED7E3FC008FCA0B /* SlideMenuViewController.swift */ = {isa = PBXFileReference; fileEncoding = 4; lastKnownFileType = sourcecode.swift; path = SlideMenuViewController.swift; sourceTree = "<group>"; };
		BD320F381ED7E3FC008FCA0B /* TcrunchHelper.swift */ = {isa = PBXFileReference; fileEncoding = 4; lastKnownFileType = sourcecode.swift; path = TcrunchHelper.swift; sourceTree = "<group>"; };
		BD320F391ED7E3FC008FCA0B /* TeacherSigninViewController.swift */ = {isa = PBXFileReference; fileEncoding = 4; lastKnownFileType = sourcecode.swift; path = TeacherSigninViewController.swift; sourceTree = "<group>"; };
		BD320F3A1ED7E3FC008FCA0B /* TitleMoveField.swift */ = {isa = PBXFileReference; fileEncoding = 4; lastKnownFileType = sourcecode.swift; path = TitleMoveField.swift; sourceTree = "<group>"; };
		BD320F3C1ED7E3FC008FCA0B /* ViewController.swift */ = {isa = PBXFileReference; fileEncoding = 4; lastKnownFileType = sourcecode.swift; path = ViewController.swift; sourceTree = "<group>"; };
		BD320F3E1ED7E3FC008FCA0B /* Tcrunch.xcdatamodel */ = {isa = PBXFileReference; lastKnownFileType = wrapper.xcdatamodel; path = Tcrunch.xcdatamodel; sourceTree = "<group>"; };
		BD320F531ED8B952008FCA0B /* StudentTicketDetailViewController.swift */ = {isa = PBXFileReference; fileEncoding = 4; lastKnownFileType = sourcecode.swift; path = StudentTicketDetailViewController.swift; sourceTree = "<group>"; };
		BD34D8531EDB5381002B57BB /* StudentTicketUnrespondedDetailViewController.swift */ = {isa = PBXFileReference; fileEncoding = 4; lastKnownFileType = sourcecode.swift; path = StudentTicketUnrespondedDetailViewController.swift; sourceTree = "<group>"; };
		BD8DB5FB1EEDBF56008B33DC /* OptionViewController.swift */ = {isa = PBXFileReference; fileEncoding = 4; lastKnownFileType = sourcecode.swift; path = OptionViewController.swift; sourceTree = "<group>"; };
		BDDDD7891EDB29FF00CE3D08 /* TicketCell.swift */ = {isa = PBXFileReference; fileEncoding = 4; lastKnownFileType = sourcecode.swift; path = TicketCell.swift; sourceTree = "<group>"; };
		C7A282885CD48FCCC483A6ED /* Pods_tCrunchUITests.framework */ = {isa = PBXFileReference; explicitFileType = wrapper.framework; includeInIndex = 0; path = Pods_tCrunchUITests.framework; sourceTree = BUILT_PRODUCTS_DIR; };
		E8FA4A971B867EE9FB526FC2 /* Pods-tCrunchUITests.debug.xcconfig */ = {isa = PBXFileReference; includeInIndex = 1; lastKnownFileType = text.xcconfig; name = "Pods-tCrunchUITests.debug.xcconfig"; path = "Pods/Target Support Files/Pods-tCrunchUITests/Pods-tCrunchUITests.debug.xcconfig"; sourceTree = "<group>"; };
/* End PBXFileReference section */

/* Begin PBXFrameworksBuildPhase section */
		BD320EF01ED7E331008FCA0B /* Frameworks */ = {
			isa = PBXFrameworksBuildPhase;
			buildActionMask = 2147483647;
			files = (
				D37CFB1B1400CF538215EF92 /* Pods_tCrunch.framework in Frameworks */,
			);
			runOnlyForDeploymentPostprocessing = 0;
		};
		BD320F071ED7E332008FCA0B /* Frameworks */ = {
			isa = PBXFrameworksBuildPhase;
			buildActionMask = 2147483647;
			files = (
				F8366A15AD2A6FEEDEF125E5 /* Pods_tCrunchTests.framework in Frameworks */,
			);
			runOnlyForDeploymentPostprocessing = 0;
		};
		BD320F121ED7E332008FCA0B /* Frameworks */ = {
			isa = PBXFrameworksBuildPhase;
			buildActionMask = 2147483647;
			files = (
				0193488DCD1434C635672DE7 /* Pods_tCrunchUITests.framework in Frameworks */,
			);
			runOnlyForDeploymentPostprocessing = 0;
		};
/* End PBXFrameworksBuildPhase section */

/* Begin PBXGroup section */
		37AACAC28D1D59B556260E08 /* Pods */ = {
			isa = PBXGroup;
			children = (
				7222D06D831DD8C84506F5B2 /* Pods-tCrunch.debug.xcconfig */,
				002ABE6D1211303FD7FDAB3B /* Pods-tCrunch.release.xcconfig */,
				5DAF0D7D0C9F53414BD60C75 /* Pods-tCrunchTests.debug.xcconfig */,
				5EDAEF9AC9128EE05A10BBC6 /* Pods-tCrunchTests.release.xcconfig */,
				E8FA4A971B867EE9FB526FC2 /* Pods-tCrunchUITests.debug.xcconfig */,
				929496C50E12BBF4053CE576 /* Pods-tCrunchUITests.release.xcconfig */,
			);
			name = Pods;
			sourceTree = "<group>";
		};
		BD320EEA1ED7E331008FCA0B = {
			isa = PBXGroup;
			children = (
				BD320EF51ED7E332008FCA0B /* tCrunch */,
				BD320F0D1ED7E332008FCA0B /* tCrunchTests */,
				BD320F181ED7E332008FCA0B /* tCrunchUITests */,
				BD320EF41ED7E332008FCA0B /* Products */,
				37AACAC28D1D59B556260E08 /* Pods */,
				BF6B7603DCC4AC84CB0C3674 /* Frameworks */,
			);
			sourceTree = "<group>";
		};
		BD320EF41ED7E332008FCA0B /* Products */ = {
			isa = PBXGroup;
			children = (
				BD320EF31ED7E332008FCA0B /* tCrunch.app */,
				BD320F0A1ED7E332008FCA0B /* tCrunchTests.xctest */,
				BD320F151ED7E332008FCA0B /* tCrunchUITests.xctest */,
			);
			name = Products;
			sourceTree = "<group>";
		};
		BD320EF51ED7E332008FCA0B /* tCrunch */ = {
			isa = PBXGroup;
			children = (
				BD320EFA1ED7E332008FCA0B /* Main.storyboard */,
				BD320F2A1ED7E3FC008FCA0B /* Assets.xcassets */,
				BD320F2B1ED7E3FC008FCA0B /* Base.lproj */,
				BD320F2C1ED7E3FC008FCA0B /* GoogleService-Info.plist */,
				BD320F2D1ED7E3FC008FCA0B /* Info.plist */,
				BD75DB3F1EDAEE8F009F5837 /* Custom */,
				BD320F381ED7E3FC008FCA0B /* TcrunchHelper.swift */,
				BD34D8521EDB5368002B57BB /* Controllers */,
				BD320F2E1ED7E3FC008FCA0B /* AllclassesViewController.swift */,
				BD320F531ED8B952008FCA0B /* StudentTicketDetailViewController.swift */,
				BD320F311ED7E3FC008FCA0B /* ContainerViewController.swift */,
				BD320F2F1ED7E3FC008FCA0B /* AppDelegate.swift */,
				BD320F301ED7E3FC008FCA0B /* ButtonShadow.swift */,
				BD320F321ED7E3FC008FCA0B /* CourseCodeViewController.swift */,
				BD320F331ED7E3FC008FCA0B /* LoginViewController.swift */,
				BD320F341ED7E3FC008FCA0B /* NameViewController.swift */,
				BD320F351ED7E3FC008FCA0B /* SegmentedViewController.swift */,
				BD320F361ED7E3FC008FCA0B /* SkyFloatingLabelTextField.swift */,
				BD320F371ED7E3FC008FCA0B /* SlideMenuViewController.swift */,
				BD320F391ED7E3FC008FCA0B /* TeacherSigninViewController.swift */,
				BD320F3A1ED7E3FC008FCA0B /* TitleMoveField.swift */,
				BD06A1BE1EDB1D1B006B04C0 /* TTicket.swift */,
				BD320F3C1ED7E3FC008FCA0B /* ViewController.swift */,
				BD320F3D1ED7E3FC008FCA0B /* Tcrunch.xcdatamodeld */,
				BD320F291ED7E3FB008FCA0B /* tCrunch-Bridging-Header.h */,
			);
			path = tCrunch;
			sourceTree = "<group>";
		};
		BD320F0D1ED7E332008FCA0B /* tCrunchTests */ = {
			isa = PBXGroup;
			children = (
				BD320F0E1ED7E332008FCA0B /* tCrunchTests.swift */,
				BD320F101ED7E332008FCA0B /* Info.plist */,
			);
			path = tCrunchTests;
			sourceTree = "<group>";
		};
		BD320F181ED7E332008FCA0B /* tCrunchUITests */ = {
			isa = PBXGroup;
			children = (
				BD320F191ED7E332008FCA0B /* tCrunchUITests.swift */,
				BD320F1B1ED7E332008FCA0B /* Info.plist */,
			);
			path = tCrunchUITests;
			sourceTree = "<group>";
		};
		BD34D8521EDB5368002B57BB /* Controllers */ = {
			isa = PBXGroup;
			children = (
				BD34D8531EDB5381002B57BB /* StudentTicketUnrespondedDetailViewController.swift */,
				BD8DB5FB1EEDBF56008B33DC /* OptionViewController.swift */,
			);
			name = Controllers;
			sourceTree = "<group>";
		};
		BD75DB3F1EDAEE8F009F5837 /* Custom */ = {
			isa = PBXGroup;
			children = (
				BD06A1C01EDB27BF006B04C0 /* TicketCell.xib */,
				BDDDD7891EDB29FF00CE3D08 /* TicketCell.swift */,
			);
			name = Custom;
			sourceTree = "<group>";
		};
		BF6B7603DCC4AC84CB0C3674 /* Frameworks */ = {
			isa = PBXGroup;
			children = (
				6C02E50004F4AAC2AA960DAC /* Pods_tCrunch.framework */,
				1C253DAEE9EA150918484C65 /* Pods_tCrunchTests.framework */,
				C7A282885CD48FCCC483A6ED /* Pods_tCrunchUITests.framework */,
			);
			name = Frameworks;
			sourceTree = "<group>";
		};
/* End PBXGroup section */

/* Begin PBXNativeTarget section */
		BD320EF21ED7E331008FCA0B /* tCrunch */ = {
			isa = PBXNativeTarget;
			buildConfigurationList = BD320F1E1ED7E332008FCA0B /* Build configuration list for PBXNativeTarget "tCrunch" */;
			buildPhases = (
				04FBE26F5812C8C2DA6DF507 /* [CP] Check Pods Manifest.lock */,
				BD320EEF1ED7E331008FCA0B /* Sources */,
				BD320EF01ED7E331008FCA0B /* Frameworks */,
				BD320EF11ED7E331008FCA0B /* Resources */,
				3BC884D71C961C650C12C50E /* [CP] Embed Pods Frameworks */,
				FF25FC493A8C28E2E38BC97E /* [CP] Copy Pods Resources */,
			);
			buildRules = (
			);
			dependencies = (
			);
			name = tCrunch;
			productName = tCrunch;
			productReference = BD320EF31ED7E332008FCA0B /* tCrunch.app */;
			productType = "com.apple.product-type.application";
		};
		BD320F091ED7E332008FCA0B /* tCrunchTests */ = {
			isa = PBXNativeTarget;
			buildConfigurationList = BD320F211ED7E332008FCA0B /* Build configuration list for PBXNativeTarget "tCrunchTests" */;
			buildPhases = (
				A5D5EEF487C2D270526E18E9 /* [CP] Check Pods Manifest.lock */,
				BD320F061ED7E332008FCA0B /* Sources */,
				BD320F071ED7E332008FCA0B /* Frameworks */,
				BD320F081ED7E332008FCA0B /* Resources */,
				364B50D7267B4D3B6C4B9563 /* [CP] Embed Pods Frameworks */,
				767467D5287654FB26F9CA85 /* [CP] Copy Pods Resources */,
			);
			buildRules = (
			);
			dependencies = (
				BD320F0C1ED7E332008FCA0B /* PBXTargetDependency */,
			);
			name = tCrunchTests;
			productName = tCrunchTests;
			productReference = BD320F0A1ED7E332008FCA0B /* tCrunchTests.xctest */;
			productType = "com.apple.product-type.bundle.unit-test";
		};
		BD320F141ED7E332008FCA0B /* tCrunchUITests */ = {
			isa = PBXNativeTarget;
			buildConfigurationList = BD320F241ED7E332008FCA0B /* Build configuration list for PBXNativeTarget "tCrunchUITests" */;
			buildPhases = (
				5545DF5660C75681D6D43978 /* [CP] Check Pods Manifest.lock */,
				BD320F111ED7E332008FCA0B /* Sources */,
				BD320F121ED7E332008FCA0B /* Frameworks */,
				BD320F131ED7E332008FCA0B /* Resources */,
				48E17D64D0A850121B3F5DED /* [CP] Embed Pods Frameworks */,
				0F7B5D3B5CCFCCD3F7A709C6 /* [CP] Copy Pods Resources */,
			);
			buildRules = (
			);
			dependencies = (
				BD320F171ED7E332008FCA0B /* PBXTargetDependency */,
			);
			name = tCrunchUITests;
			productName = tCrunchUITests;
			productReference = BD320F151ED7E332008FCA0B /* tCrunchUITests.xctest */;
			productType = "com.apple.product-type.bundle.ui-testing";
		};
/* End PBXNativeTarget section */

/* Begin PBXProject section */
		BD320EEB1ED7E331008FCA0B /* Project object */ = {
			isa = PBXProject;
			attributes = {
				LastSwiftUpdateCheck = 0820;
				LastUpgradeCheck = 0820;
				ORGANIZATIONNAME = "Gabriel Fernandes";
				TargetAttributes = {
					BD320EF21ED7E331008FCA0B = {
						CreatedOnToolsVersion = 8.2.1;
						DevelopmentTeam = EZGAYLTBHH;
						LastSwiftMigration = 0820;
						ProvisioningStyle = Automatic;
					};
					BD320F091ED7E332008FCA0B = {
						CreatedOnToolsVersion = 8.2.1;
						DevelopmentTeam = EZGAYLTBHH;
						ProvisioningStyle = Automatic;
						TestTargetID = BD320EF21ED7E331008FCA0B;
					};
					BD320F141ED7E332008FCA0B = {
						CreatedOnToolsVersion = 8.2.1;
						DevelopmentTeam = EZGAYLTBHH;
						ProvisioningStyle = Automatic;
						TestTargetID = BD320EF21ED7E331008FCA0B;
					};
				};
			};
			buildConfigurationList = BD320EEE1ED7E331008FCA0B /* Build configuration list for PBXProject "tCrunch" */;
			compatibilityVersion = "Xcode 3.2";
			developmentRegion = English;
			hasScannedForEncodings = 0;
			knownRegions = (
				en,
				Base,
			);
			mainGroup = BD320EEA1ED7E331008FCA0B;
			productRefGroup = BD320EF41ED7E332008FCA0B /* Products */;
			projectDirPath = "";
			projectRoot = "";
			targets = (
				BD320EF21ED7E331008FCA0B /* tCrunch */,
				BD320F091ED7E332008FCA0B /* tCrunchTests */,
				BD320F141ED7E332008FCA0B /* tCrunchUITests */,
			);
		};
/* End PBXProject section */

/* Begin PBXResourcesBuildPhase section */
		BD320EF11ED7E331008FCA0B /* Resources */ = {
			isa = PBXResourcesBuildPhase;
			buildActionMask = 2147483647;
			files = (
				BD320F3F1ED7E3FC008FCA0B /* Assets.xcassets in Resources */,
				BD06A1C11EDB27BF006B04C0 /* TicketCell.xib in Resources */,
				BD320F411ED7E3FC008FCA0B /* GoogleService-Info.plist in Resources */,
				BD320F401ED7E3FC008FCA0B /* Base.lproj in Resources */,
				BD320F421ED7E3FC008FCA0B /* Info.plist in Resources */,
				BD320EFC1ED7E332008FCA0B /* Main.storyboard in Resources */,
			);
			runOnlyForDeploymentPostprocessing = 0;
		};
		BD320F081ED7E332008FCA0B /* Resources */ = {
			isa = PBXResourcesBuildPhase;
			buildActionMask = 2147483647;
			files = (
			);
			runOnlyForDeploymentPostprocessing = 0;
		};
		BD320F131ED7E332008FCA0B /* Resources */ = {
			isa = PBXResourcesBuildPhase;
			buildActionMask = 2147483647;
			files = (
			);
			runOnlyForDeploymentPostprocessing = 0;
		};
/* End PBXResourcesBuildPhase section */

/* Begin PBXShellScriptBuildPhase section */
		04FBE26F5812C8C2DA6DF507 /* [CP] Check Pods Manifest.lock */ = {
			isa = PBXShellScriptBuildPhase;
			buildActionMask = 2147483647;
			files = (
			);
			inputPaths = (
			);
			name = "[CP] Check Pods Manifest.lock";
			outputPaths = (
			);
			runOnlyForDeploymentPostprocessing = 0;
			shellPath = /bin/sh;
			shellScript = "diff \"${PODS_ROOT}/../Podfile.lock\" \"${PODS_ROOT}/Manifest.lock\" > /dev/null\nif [ $? != 0 ] ; then\n    # print error to STDERR\n    echo \"error: The sandbox is not in sync with the Podfile.lock. Run 'pod install' or update your CocoaPods installation.\" >&2\n    exit 1\nfi\n";
			showEnvVarsInLog = 0;
		};
		0F7B5D3B5CCFCCD3F7A709C6 /* [CP] Copy Pods Resources */ = {
			isa = PBXShellScriptBuildPhase;
			buildActionMask = 2147483647;
			files = (
			);
			inputPaths = (
			);
			name = "[CP] Copy Pods Resources";
			outputPaths = (
			);
			runOnlyForDeploymentPostprocessing = 0;
			shellPath = /bin/sh;
			shellScript = "\"${SRCROOT}/Pods/Target Support Files/Pods-tCrunchUITests/Pods-tCrunchUITests-resources.sh\"\n";
			showEnvVarsInLog = 0;
		};
		364B50D7267B4D3B6C4B9563 /* [CP] Embed Pods Frameworks */ = {
			isa = PBXShellScriptBuildPhase;
			buildActionMask = 2147483647;
			files = (
			);
			inputPaths = (
			);
			name = "[CP] Embed Pods Frameworks";
			outputPaths = (
			);
			runOnlyForDeploymentPostprocessing = 0;
			shellPath = /bin/sh;
			shellScript = "\"${SRCROOT}/Pods/Target Support Files/Pods-tCrunchTests/Pods-tCrunchTests-frameworks.sh\"\n";
			showEnvVarsInLog = 0;
		};
		3BC884D71C961C650C12C50E /* [CP] Embed Pods Frameworks */ = {
			isa = PBXShellScriptBuildPhase;
			buildActionMask = 2147483647;
			files = (
			);
			inputPaths = (
			);
			name = "[CP] Embed Pods Frameworks";
			outputPaths = (
			);
			runOnlyForDeploymentPostprocessing = 0;
			shellPath = /bin/sh;
			shellScript = "\"${SRCROOT}/Pods/Target Support Files/Pods-tCrunch/Pods-tCrunch-frameworks.sh\"\n";
			showEnvVarsInLog = 0;
		};
		48E17D64D0A850121B3F5DED /* [CP] Embed Pods Frameworks */ = {
			isa = PBXShellScriptBuildPhase;
			buildActionMask = 2147483647;
			files = (
			);
			inputPaths = (
			);
			name = "[CP] Embed Pods Frameworks";
			outputPaths = (
			);
			runOnlyForDeploymentPostprocessing = 0;
			shellPath = /bin/sh;
			shellScript = "\"${SRCROOT}/Pods/Target Support Files/Pods-tCrunchUITests/Pods-tCrunchUITests-frameworks.sh\"\n";
			showEnvVarsInLog = 0;
		};
		5545DF5660C75681D6D43978 /* [CP] Check Pods Manifest.lock */ = {
			isa = PBXShellScriptBuildPhase;
			buildActionMask = 2147483647;
			files = (
			);
			inputPaths = (
			);
			name = "[CP] Check Pods Manifest.lock";
			outputPaths = (
			);
			runOnlyForDeploymentPostprocessing = 0;
			shellPath = /bin/sh;
			shellScript = "diff \"${PODS_ROOT}/../Podfile.lock\" \"${PODS_ROOT}/Manifest.lock\" > /dev/null\nif [ $? != 0 ] ; then\n    # print error to STDERR\n    echo \"error: The sandbox is not in sync with the Podfile.lock. Run 'pod install' or update your CocoaPods installation.\" >&2\n    exit 1\nfi\n";
			showEnvVarsInLog = 0;
		};
		767467D5287654FB26F9CA85 /* [CP] Copy Pods Resources */ = {
			isa = PBXShellScriptBuildPhase;
			buildActionMask = 2147483647;
			files = (
			);
			inputPaths = (
			);
			name = "[CP] Copy Pods Resources";
			outputPaths = (
			);
			runOnlyForDeploymentPostprocessing = 0;
			shellPath = /bin/sh;
			shellScript = "\"${SRCROOT}/Pods/Target Support Files/Pods-tCrunchTests/Pods-tCrunchTests-resources.sh\"\n";
			showEnvVarsInLog = 0;
		};
		A5D5EEF487C2D270526E18E9 /* [CP] Check Pods Manifest.lock */ = {
			isa = PBXShellScriptBuildPhase;
			buildActionMask = 2147483647;
			files = (
			);
			inputPaths = (
			);
			name = "[CP] Check Pods Manifest.lock";
			outputPaths = (
			);
			runOnlyForDeploymentPostprocessing = 0;
			shellPath = /bin/sh;
			shellScript = "diff \"${PODS_ROOT}/../Podfile.lock\" \"${PODS_ROOT}/Manifest.lock\" > /dev/null\nif [ $? != 0 ] ; then\n    # print error to STDERR\n    echo \"error: The sandbox is not in sync with the Podfile.lock. Run 'pod install' or update your CocoaPods installation.\" >&2\n    exit 1\nfi\n";
			showEnvVarsInLog = 0;
		};
		FF25FC493A8C28E2E38BC97E /* [CP] Copy Pods Resources */ = {
			isa = PBXShellScriptBuildPhase;
			buildActionMask = 2147483647;
			files = (
			);
			inputPaths = (
			);
			name = "[CP] Copy Pods Resources";
			outputPaths = (
			);
			runOnlyForDeploymentPostprocessing = 0;
			shellPath = /bin/sh;
			shellScript = "\"${SRCROOT}/Pods/Target Support Files/Pods-tCrunch/Pods-tCrunch-resources.sh\"\n";
			showEnvVarsInLog = 0;
		};
/* End PBXShellScriptBuildPhase section */

/* Begin PBXSourcesBuildPhase section */
		BD320EEF1ED7E331008FCA0B /* Sources */ = {
			isa = PBXSourcesBuildPhase;
			buildActionMask = 2147483647;
			files = (
				BD320F511ED7E3FC008FCA0B /* ViewController.swift in Sources */,
				BD8DB5FC1EEDBF56008B33DC /* OptionViewController.swift in Sources */,
				BD320F481ED7E3FC008FCA0B /* LoginViewController.swift in Sources */,
				BD320F521ED7E3FC008FCA0B /* Tcrunch.xcdatamodeld in Sources */,
				BD320F441ED7E3FC008FCA0B /* AppDelegate.swift in Sources */,
				BD320F491ED7E3FC008FCA0B /* NameViewController.swift in Sources */,
				BD320F4A1ED7E3FC008FCA0B /* SegmentedViewController.swift in Sources */,
				BD320F431ED7E3FC008FCA0B /* AllclassesViewController.swift in Sources */,
				BD320F4C1ED7E3FC008FCA0B /* SlideMenuViewController.swift in Sources */,
				BD06A1BF1EDB1D1B006B04C0 /* TTicket.swift in Sources */,
				BDDDD78A1EDB29FF00CE3D08 /* TicketCell.swift in Sources */,
				BD320F461ED7E3FC008FCA0B /* ContainerViewController.swift in Sources */,
				BD320F4B1ED7E3FC008FCA0B /* SkyFloatingLabelTextField.swift in Sources */,
				BD320F541ED8B952008FCA0B /* StudentTicketDetailViewController.swift in Sources */,
				BD320F4F1ED7E3FC008FCA0B /* TitleMoveField.swift in Sources */,
				BD320F471ED7E3FC008FCA0B /* CourseCodeViewController.swift in Sources */,
				BD320F4E1ED7E3FC008FCA0B /* TeacherSigninViewController.swift in Sources */,
				BD320F4D1ED7E3FC008FCA0B /* TcrunchHelper.swift in Sources */,
				BD34D8541EDB5381002B57BB /* StudentTicketUnrespondedDetailViewController.swift in Sources */,
				BD320F451ED7E3FC008FCA0B /* ButtonShadow.swift in Sources */,
			);
			runOnlyForDeploymentPostprocessing = 0;
		};
		BD320F061ED7E332008FCA0B /* Sources */ = {
			isa = PBXSourcesBuildPhase;
			buildActionMask = 2147483647;
			files = (
				BD320F0F1ED7E332008FCA0B /* tCrunchTests.swift in Sources */,
			);
			runOnlyForDeploymentPostprocessing = 0;
		};
		BD320F111ED7E332008FCA0B /* Sources */ = {
			isa = PBXSourcesBuildPhase;
			buildActionMask = 2147483647;
			files = (
				BD320F1A1ED7E332008FCA0B /* tCrunchUITests.swift in Sources */,
			);
			runOnlyForDeploymentPostprocessing = 0;
		};
/* End PBXSourcesBuildPhase section */

/* Begin PBXTargetDependency section */
		BD320F0C1ED7E332008FCA0B /* PBXTargetDependency */ = {
			isa = PBXTargetDependency;
			target = BD320EF21ED7E331008FCA0B /* tCrunch */;
			targetProxy = BD320F0B1ED7E332008FCA0B /* PBXContainerItemProxy */;
		};
		BD320F171ED7E332008FCA0B /* PBXTargetDependency */ = {
			isa = PBXTargetDependency;
			target = BD320EF21ED7E331008FCA0B /* tCrunch */;
			targetProxy = BD320F161ED7E332008FCA0B /* PBXContainerItemProxy */;
		};
/* End PBXTargetDependency section */

/* Begin PBXVariantGroup section */
		BD320EFA1ED7E332008FCA0B /* Main.storyboard */ = {
			isa = PBXVariantGroup;
			children = (
				BD320EFB1ED7E332008FCA0B /* Base */,
			);
			name = Main.storyboard;
			sourceTree = "<group>";
		};
/* End PBXVariantGroup section */

/* Begin XCBuildConfiguration section */
		BD320F1C1ED7E332008FCA0B /* Debug */ = {
			isa = XCBuildConfiguration;
			buildSettings = {
				ALWAYS_SEARCH_USER_PATHS = NO;
				CLANG_ANALYZER_NONNULL = YES;
				CLANG_CXX_LANGUAGE_STANDARD = "gnu++0x";
				CLANG_CXX_LIBRARY = "libc++";
				CLANG_ENABLE_MODULES = YES;
				CLANG_ENABLE_OBJC_ARC = YES;
				CLANG_WARN_BOOL_CONVERSION = YES;
				CLANG_WARN_CONSTANT_CONVERSION = YES;
				CLANG_WARN_DIRECT_OBJC_ISA_USAGE = YES_ERROR;
				CLANG_WARN_DOCUMENTATION_COMMENTS = YES;
				CLANG_WARN_EMPTY_BODY = YES;
				CLANG_WARN_ENUM_CONVERSION = YES;
				CLANG_WARN_INFINITE_RECURSION = YES;
				CLANG_WARN_INT_CONVERSION = YES;
				CLANG_WARN_OBJC_ROOT_CLASS = YES_ERROR;
				CLANG_WARN_SUSPICIOUS_MOVE = YES;
				CLANG_WARN_UNREACHABLE_CODE = YES;
				CLANG_WARN__DUPLICATE_METHOD_MATCH = YES;
				"CODE_SIGN_IDENTITY[sdk=iphoneos*]" = "iPhone Developer";
				COPY_PHASE_STRIP = NO;
				DEBUG_INFORMATION_FORMAT = dwarf;
				ENABLE_STRICT_OBJC_MSGSEND = YES;
				ENABLE_TESTABILITY = YES;
				GCC_C_LANGUAGE_STANDARD = gnu99;
				GCC_DYNAMIC_NO_PIC = NO;
				GCC_NO_COMMON_BLOCKS = YES;
				GCC_OPTIMIZATION_LEVEL = 0;
				GCC_PREPROCESSOR_DEFINITIONS = (
					"DEBUG=1",
					"$(inherited)",
				);
				GCC_WARN_64_TO_32_BIT_CONVERSION = YES;
				GCC_WARN_ABOUT_RETURN_TYPE = YES_ERROR;
				GCC_WARN_UNDECLARED_SELECTOR = YES;
				GCC_WARN_UNINITIALIZED_AUTOS = YES_AGGRESSIVE;
				GCC_WARN_UNUSED_FUNCTION = YES;
				GCC_WARN_UNUSED_VARIABLE = YES;
				IPHONEOS_DEPLOYMENT_TARGET = 10.2;
				MTL_ENABLE_DEBUG_INFO = YES;
				ONLY_ACTIVE_ARCH = YES;
				SDKROOT = iphoneos;
				SWIFT_ACTIVE_COMPILATION_CONDITIONS = DEBUG;
				SWIFT_OPTIMIZATION_LEVEL = "-Onone";
			};
			name = Debug;
		};
		BD320F1D1ED7E332008FCA0B /* Release */ = {
			isa = XCBuildConfiguration;
			buildSettings = {
				ALWAYS_SEARCH_USER_PATHS = NO;
				CLANG_ANALYZER_NONNULL = YES;
				CLANG_CXX_LANGUAGE_STANDARD = "gnu++0x";
				CLANG_CXX_LIBRARY = "libc++";
				CLANG_ENABLE_MODULES = YES;
				CLANG_ENABLE_OBJC_ARC = YES;
				CLANG_WARN_BOOL_CONVERSION = YES;
				CLANG_WARN_CONSTANT_CONVERSION = YES;
				CLANG_WARN_DIRECT_OBJC_ISA_USAGE = YES_ERROR;
				CLANG_WARN_DOCUMENTATION_COMMENTS = YES;
				CLANG_WARN_EMPTY_BODY = YES;
				CLANG_WARN_ENUM_CONVERSION = YES;
				CLANG_WARN_INFINITE_RECURSION = YES;
				CLANG_WARN_INT_CONVERSION = YES;
				CLANG_WARN_OBJC_ROOT_CLASS = YES_ERROR;
				CLANG_WARN_SUSPICIOUS_MOVE = YES;
				CLANG_WARN_UNREACHABLE_CODE = YES;
				CLANG_WARN__DUPLICATE_METHOD_MATCH = YES;
				"CODE_SIGN_IDENTITY[sdk=iphoneos*]" = "iPhone Developer";
				COPY_PHASE_STRIP = NO;
				DEBUG_INFORMATION_FORMAT = "dwarf-with-dsym";
				ENABLE_NS_ASSERTIONS = NO;
				ENABLE_STRICT_OBJC_MSGSEND = YES;
				GCC_C_LANGUAGE_STANDARD = gnu99;
				GCC_NO_COMMON_BLOCKS = YES;
				GCC_WARN_64_TO_32_BIT_CONVERSION = YES;
				GCC_WARN_ABOUT_RETURN_TYPE = YES_ERROR;
				GCC_WARN_UNDECLARED_SELECTOR = YES;
				GCC_WARN_UNINITIALIZED_AUTOS = YES_AGGRESSIVE;
				GCC_WARN_UNUSED_FUNCTION = YES;
				GCC_WARN_UNUSED_VARIABLE = YES;
				IPHONEOS_DEPLOYMENT_TARGET = 10.2;
				MTL_ENABLE_DEBUG_INFO = NO;
				SDKROOT = iphoneos;
				SWIFT_OPTIMIZATION_LEVEL = "-Owholemodule";
				VALIDATE_PRODUCT = YES;
			};
			name = Release;
		};
		BD320F1F1ED7E332008FCA0B /* Debug */ = {
			isa = XCBuildConfiguration;
			baseConfigurationReference = 7222D06D831DD8C84506F5B2 /* Pods-tCrunch.debug.xcconfig */;
			buildSettings = {
				ASSETCATALOG_COMPILER_APPICON_NAME = AppIcon;
				CLANG_ENABLE_MODULES = YES;
				DEVELOPMENT_TEAM = EZGAYLTBHH;
				INFOPLIST_FILE = tCrunch/Info.plist;
				LD_RUNPATH_SEARCH_PATHS = "$(inherited) @executable_path/Frameworks";
				PRODUCT_BUNDLE_IDENTIFIER = GF.tCrunch.test;
				PRODUCT_NAME = "$(TARGET_NAME)";
				SWIFT_OBJC_BRIDGING_HEADER = "tCrunch/tCrunch-Bridging-Header.h";
				SWIFT_OPTIMIZATION_LEVEL = "-Onone";
				SWIFT_VERSION = 3.0;
			};
			name = Debug;
		};
		BD320F201ED7E332008FCA0B /* Release */ = {
			isa = XCBuildConfiguration;
			baseConfigurationReference = 002ABE6D1211303FD7FDAB3B /* Pods-tCrunch.release.xcconfig */;
			buildSettings = {
				ASSETCATALOG_COMPILER_APPICON_NAME = AppIcon;
				CLANG_ENABLE_MODULES = YES;
				DEVELOPMENT_TEAM = EZGAYLTBHH;
				INFOPLIST_FILE = tCrunch/Info.plist;
				LD_RUNPATH_SEARCH_PATHS = "$(inherited) @executable_path/Frameworks";
				PRODUCT_BUNDLE_IDENTIFIER = GF.tCrunch.test;
				PRODUCT_NAME = "$(TARGET_NAME)";
				SWIFT_OBJC_BRIDGING_HEADER = "tCrunch/tCrunch-Bridging-Header.h";
				SWIFT_VERSION = 3.0;
			};
			name = Release;
		};
		BD320F221ED7E332008FCA0B /* Debug */ = {
			isa = XCBuildConfiguration;
			baseConfigurationReference = 5DAF0D7D0C9F53414BD60C75 /* Pods-tCrunchTests.debug.xcconfig */;
			buildSettings = {
				ALWAYS_EMBED_SWIFT_STANDARD_LIBRARIES = YES;
				BUNDLE_LOADER = "$(TEST_HOST)";
				DEVELOPMENT_TEAM = EZGAYLTBHH;
				INFOPLIST_FILE = tCrunchTests/Info.plist;
				LD_RUNPATH_SEARCH_PATHS = "$(inherited) @executable_path/Frameworks @loader_path/Frameworks";
				PRODUCT_BUNDLE_IDENTIFIER = GF.tCrunchTests;
				PRODUCT_NAME = "$(TARGET_NAME)";
				SWIFT_VERSION = 3.0;
				TEST_HOST = "$(BUILT_PRODUCTS_DIR)/tCrunch.app/tCrunch";
			};
			name = Debug;
		};
		BD320F231ED7E332008FCA0B /* Release */ = {
			isa = XCBuildConfiguration;
			baseConfigurationReference = 5EDAEF9AC9128EE05A10BBC6 /* Pods-tCrunchTests.release.xcconfig */;
			buildSettings = {
				ALWAYS_EMBED_SWIFT_STANDARD_LIBRARIES = YES;
				BUNDLE_LOADER = "$(TEST_HOST)";
				DEVELOPMENT_TEAM = EZGAYLTBHH;
				INFOPLIST_FILE = tCrunchTests/Info.plist;
				LD_RUNPATH_SEARCH_PATHS = "$(inherited) @executable_path/Frameworks @loader_path/Frameworks";
				PRODUCT_BUNDLE_IDENTIFIER = GF.tCrunchTests;
				PRODUCT_NAME = "$(TARGET_NAME)";
				SWIFT_VERSION = 3.0;
				TEST_HOST = "$(BUILT_PRODUCTS_DIR)/tCrunch.app/tCrunch";
			};
			name = Release;
		};
		BD320F251ED7E332008FCA0B /* Debug */ = {
			isa = XCBuildConfiguration;
			baseConfigurationReference = E8FA4A971B867EE9FB526FC2 /* Pods-tCrunchUITests.debug.xcconfig */;
			buildSettings = {
				ALWAYS_EMBED_SWIFT_STANDARD_LIBRARIES = YES;
				DEVELOPMENT_TEAM = EZGAYLTBHH;
				INFOPLIST_FILE = tCrunchUITests/Info.plist;
				LD_RUNPATH_SEARCH_PATHS = "$(inherited) @executable_path/Frameworks @loader_path/Frameworks";
				PRODUCT_BUNDLE_IDENTIFIER = GF.tCrunchUITests;
				PRODUCT_NAME = "$(TARGET_NAME)";
				SWIFT_VERSION = 3.0;
				TEST_TARGET_NAME = tCrunch;
			};
			name = Debug;
		};
		BD320F261ED7E332008FCA0B /* Release */ = {
			isa = XCBuildConfiguration;
			baseConfigurationReference = 929496C50E12BBF4053CE576 /* Pods-tCrunchUITests.release.xcconfig */;
			buildSettings = {
				ALWAYS_EMBED_SWIFT_STANDARD_LIBRARIES = YES;
				DEVELOPMENT_TEAM = EZGAYLTBHH;
				INFOPLIST_FILE = tCrunchUITests/Info.plist;
				LD_RUNPATH_SEARCH_PATHS = "$(inherited) @executable_path/Frameworks @loader_path/Frameworks";
				PRODUCT_BUNDLE_IDENTIFIER = GF.tCrunchUITests;
				PRODUCT_NAME = "$(TARGET_NAME)";
				SWIFT_VERSION = 3.0;
				TEST_TARGET_NAME = tCrunch;
			};
			name = Release;
		};
/* End XCBuildConfiguration section */

/* Begin XCConfigurationList section */
		BD320EEE1ED7E331008FCA0B /* Build configuration list for PBXProject "tCrunch" */ = {
			isa = XCConfigurationList;
			buildConfigurations = (
				BD320F1C1ED7E332008FCA0B /* Debug */,
				BD320F1D1ED7E332008FCA0B /* Release */,
			);
			defaultConfigurationIsVisible = 0;
			defaultConfigurationName = Release;
		};
		BD320F1E1ED7E332008FCA0B /* Build configuration list for PBXNativeTarget "tCrunch" */ = {
			isa = XCConfigurationList;
			buildConfigurations = (
				BD320F1F1ED7E332008FCA0B /* Debug */,
				BD320F201ED7E332008FCA0B /* Release */,
			);
			defaultConfigurationIsVisible = 0;
			defaultConfigurationName = Release;
		};
		BD320F211ED7E332008FCA0B /* Build configuration list for PBXNativeTarget "tCrunchTests" */ = {
			isa = XCConfigurationList;
			buildConfigurations = (
				BD320F221ED7E332008FCA0B /* Debug */,
				BD320F231ED7E332008FCA0B /* Release */,
			);
			defaultConfigurationIsVisible = 0;
			defaultConfigurationName = Release;
		};
		BD320F241ED7E332008FCA0B /* Build configuration list for PBXNativeTarget "tCrunchUITests" */ = {
			isa = XCConfigurationList;
			buildConfigurations = (
				BD320F251ED7E332008FCA0B /* Debug */,
				BD320F261ED7E332008FCA0B /* Release */,
			);
			defaultConfigurationIsVisible = 0;
			defaultConfigurationName = Release;
		};
/* End XCConfigurationList section */

/* Begin XCVersionGroup section */
		BD320F3D1ED7E3FC008FCA0B /* Tcrunch.xcdatamodeld */ = {
			isa = XCVersionGroup;
			children = (
				BD320F3E1ED7E3FC008FCA0B /* Tcrunch.xcdatamodel */,
			);
			currentVersion = BD320F3E1ED7E3FC008FCA0B /* Tcrunch.xcdatamodel */;
			path = Tcrunch.xcdatamodeld;
			sourceTree = "<group>";
			versionGroupType = wrapper.xcdatamodel;
		};
/* End XCVersionGroup section */
	};
	rootObject = BD320EEB1ED7E331008FCA0B /* Project object */;
}
